
Microsoft Visual Studio Solution File, Format Version 12.00
# Visual Studio 15
VisualStudioVersion = 15.0.28307.489
MinimumVisualStudioVersion = 10.0.40219.1
Project("{FAE04EC0-301F-11D3-BF4B-00C04F79EFBC}") = "AirLineMVC", "AirLineMVC\AirLineMVC.csproj", "{72D8B217-EE84-494B-AAA8-4E38C8B4C4E8}"
EndProject
Global
	GlobalSection(SolutionConfigurationPlatforms) = preSolution
		Debug|Any CPU = Debug|Any CPU
		Release|Any CPU = Release|Any CPU
	EndGlobalSection
	GlobalSection(ProjectConfigurationPlatforms) = postSolution
		{72D8B217-EE84-494B-AAA8-4E38C8B4C4E8}.Debug|Any CPU.ActiveCfg = Debug|Any CPU
		{72D8B217-EE84-494B-AAA8-4E38C8B4C4E8}.Debug|Any CPU.Build.0 = Debug|Any CPU
		{72D8B217-EE84-494B-AAA8-4E38C8B4C4E8}.Release|Any CPU.ActiveCfg = Release|Any CPU
		{72D8B217-EE84-494B-AAA8-4E38C8B4C4E8}.Release|Any CPU.Build.0 = Release|Any CPU
	EndGlobalSection
	GlobalSection(SolutionProperties) = preSolution
		HideSolutionNode = FALSE
	EndGlobalSection
	GlobalSection(ExtensibilityGlobals) = postSolution
		SolutionGuid = {C9E29C8A-8B26-493F-9329-949107C75A71}
	EndGlobalSection
EndGlobal
